
Microsoft Visual Studio Solution File, Format Version 12.00
# Visual Studio Version 17
VisualStudioVersion = 17.8.34330.188
MinimumVisualStudioVersion = 10.0.40219.1
Project("{9A19103F-16F7-4668-BE54-9A1E7A4F7556}") = "XmlToMarkdown", "XmlToMarkdown\XmlToMarkdown.csproj", "{87A44559-042B-42BF-96DB-1D0027AA3B0C}"
EndProject
Project("{2150E333-8FDC-42A3-9474-1A3956D46DE8}") = "Documentation", "Documentation", "{8454DA0E-D435-48E9-B6C6-9FACF2151278}"
	ProjectSection(SolutionItems) = preProject
		Documentation\XmlToMarkdown.md = Documentation\XmlToMarkdown.md
		Documentation\XmlToMarkdown.xml = Documentation\XmlToMarkdown.xml
	EndProjectSection
EndProject
Global
	GlobalSection(SolutionConfigurationPlatforms) = preSolution
		Debug|Any CPU = Debug|Any CPU
		Release|Any CPU = Release|Any CPU
	EndGlobalSection
	GlobalSection(ProjectConfigurationPlatforms) = postSolution
		{87A44559-042B-42BF-96DB-1D0027AA3B0C}.Debug|Any CPU.ActiveCfg = Debug|Any CPU
		{87A44559-042B-42BF-96DB-1D0027AA3B0C}.Debug|Any CPU.Build.0 = Debug|Any CPU
		{87A44559-042B-42BF-96DB-1D0027AA3B0C}.Release|Any CPU.ActiveCfg = Release|Any CPU
		{87A44559-042B-42BF-96DB-1D0027AA3B0C}.Release|Any CPU.Build.0 = Release|Any CPU
	EndGlobalSection
	GlobalSection(SolutionProperties) = preSolution
		HideSolutionNode = FALSE
	EndGlobalSection
	GlobalSection(ExtensibilityGlobals) = postSolution
		SolutionGuid = {A19761ED-598C-4B69-BA9C-7AB075F5DF21}
	EndGlobalSection
EndGlobal
