
Microsoft Visual Studio Solution File, Format Version 12.00
# Visual Studio 15
VisualStudioVersion = 15.0.28010.2036
MinimumVisualStudioVersion = 10.0.40219.1
Project("{FAE04EC0-301F-11D3-BF4B-00C04F79EFBC}") = "XmlToMarkdown", "XmlToMarkdown\XmlToMarkdown.csproj", "{87A44559-042B-42BF-96DB-1D0027AA3B0C}"
EndProject
Global
	GlobalSection(SolutionConfigurationPlatforms) = preSolution
		Debug|Any CPU = Debug|Any CPU
		Release|Any CPU = Release|Any CPU
	EndGlobalSection
	GlobalSection(ProjectConfigurationPlatforms) = postSolution
		{87A44559-042B-42BF-96DB-1D0027AA3B0C}.Debug|Any CPU.ActiveCfg = Debug|Any CPU
		{87A44559-042B-42BF-96DB-1D0027AA3B0C}.Debug|Any CPU.Build.0 = Debug|Any CPU
		{87A44559-042B-42BF-96DB-1D0027AA3B0C}.Release|Any CPU.ActiveCfg = Release|Any CPU
		{87A44559-042B-42BF-96DB-1D0027AA3B0C}.Release|Any CPU.Build.0 = Release|Any CPU
	EndGlobalSection
	GlobalSection(SolutionProperties) = preSolution
		HideSolutionNode = FALSE
	EndGlobalSection
	GlobalSection(ExtensibilityGlobals) = postSolution
		SolutionGuid = {A19761ED-598C-4B69-BA9C-7AB075F5DF21}
	EndGlobalSection
EndGlobal
